// !$*UTF8*$!
{
	archiveVersion = 1;
	classes = {
	};
	objectVersion = 77;
	objects = {

/* Begin PBXBuildFile section */
		01670BDE330325A1A3BD88C2 /* MapSync.swift in Sources */ = {isa = PBXBuildFile; fileRef = 2B1D082AB0C2B99A8CC568D3 /* MapSync.swift */; };
		042640110DB021D4CD051997 /* AlertManager.swift in Sources */ = {isa = PBXBuildFile; fileRef = 53CC7755FA3E2DEAAF29A7C1 /* AlertManager.swift */; };
		09A66D5B22112C26ACF4AF02 /* CrossingScenarioTests.swift in Sources */ = {isa = PBXBuildFile; fileRef = FF6AA8B3A6EDAB150F21873F /* CrossingScenarioTests.swift */; };
		0A3E2B6AF638C53A3F6966C9 /* Geo.swift in Sources */ = {isa = PBXBuildFile; fileRef = A16E3AB89629CEEEBC438971 /* Geo.swift */; };
		0D7B3358F8577CA26047623C /* LICENSE in Resources */ = {isa = PBXBuildFile; fileRef = 96EE2F787910EFD0498D4EFB /* LICENSE */; };
		12403952DCCF14DBDDE3068A /* HazardMap.swift in Sources */ = {isa = PBXBuildFile; fileRef = F3D1F6089654F7128F9896F7 /* HazardMap.swift */; };
		1EA20E49419B03655ADC64D1 /* VoteStore.swift in Sources */ = {isa = PBXBuildFile; fileRef = C22A47F5888988D540A9DF5F /* VoteStore.swift */; };
		221B4E0CFE4D2B215E8D24FC /* CrossingScenarioBoxPolicyTests.swift in Sources */ = {isa = PBXBuildFile; fileRef = C712FB0F4C6D87FFC94B9508 /* CrossingScenarioBoxPolicyTests.swift */; };
		24E9C93544221CE03188C3E5 /* AlertPolicyTests.swift in Sources */ = {isa = PBXBuildFile; fileRef = 734358435B5F3C063F69C2E0 /* AlertPolicyTests.swift */; };
		274FB8C9D81D6A3FCB753F45 /* TTSPlayer.swift in Sources */ = {isa = PBXBuildFile; fileRef = 9EBE1E5BD27CD71C4C7A7B96 /* TTSPlayer.swift */; };
		29F9B9F7541DB1B2680D3295 /* Phrases in Resources */ = {isa = PBXBuildFile; fileRef = 2D58E38014A147317AF15DE1 /* Phrases */; };
		335140E005C3501C87BCC6D4 /* CommunityView.swift in Sources */ = {isa = PBXBuildFile; fileRef = 69550F1C63CC6AADD1540A4C /* CommunityView.swift */; };
		37E37CD76CABD73310F31515 /* VehicleDetector.swift in Sources */ = {isa = PBXBuildFile; fileRef = 1B011AA770DB532CD9557B48 /* VehicleDetector.swift */; };
		3D61ADA82E6F805587568BA2 /* Geo.swift in Sources */ = {isa = PBXBuildFile; fileRef = A16E3AB89629CEEEBC438971 /* Geo.swift */; };
		4422252E46C9DDAEA9A44825 /* PhraseBookTests.swift in Sources */ = {isa = PBXBuildFile; fileRef = 77F4BF4AB0B6BCDE2D023E9D /* PhraseBookTests.swift */; };
		58C7A0ED3A5D17A05087D674 /* BoxTracker.swift in Sources */ = {isa = PBXBuildFile; fileRef = 31A9310022EF8AABA88BD42F /* BoxTracker.swift */; };
		5A4F6C5E4F68BC153EB635D4 /* CrossingCurbTests.swift in Sources */ = {isa = PBXBuildFile; fileRef = 736324E99413968B183D28CE /* CrossingCurbTests.swift */; };
		7107B467904DB1AA47807648 /* PhraseBook.swift in Sources */ = {isa = PBXBuildFile; fileRef = 210A7BC25DEAA7EC12AD1975 /* PhraseBook.swift */; };
		73350F2C12ECBBF19AAF45BB /* AlertPolicy.swift in Sources */ = {isa = PBXBuildFile; fileRef = E6EFDD0ECE64133E5D035ACF /* AlertPolicy.swift */; };
		80D12132C17851073843C2D5 /* APIClient.swift in Sources */ = {isa = PBXBuildFile; fileRef = 238C04EE91440584C0E04D99 /* APIClient.swift */; };
		8B72787F5E8C9D1FD99394D8 /* VehicleModelTests.swift in Sources */ = {isa = PBXBuildFile; fileRef = BA4D8F27A9504A5A04B005A2 /* VehicleModelTests.swift */; };
		8ECAB907D775837887DE0B33 /* MapRules.swift in Sources */ = {isa = PBXBuildFile; fileRef = 5E94EF705BC93542C4D872AC /* MapRules.swift */; };
		8FE50E5F163C9DF6EC6AF37C /* ContentView.swift in Sources */ = {isa = PBXBuildFile; fileRef = 27F88CC2238BBF138080B767 /* ContentView.swift */; };
		92DA3FB84949CEF091051805 /* ClosingDetector.swift in Sources */ = {isa = PBXBuildFile; fileRef = D039239BA750A2ED1E8D6171 /* ClosingDetector.swift */; };
		97F6AC71C1733944276E8AE1 /* ClosingDetector.swift in Sources */ = {isa = PBXBuildFile; fileRef = D039239BA750A2ED1E8D6171 /* ClosingDetector.swift */; };
		9A0576E1B16956601A38E065 /* PathGuard.swift in Sources */ = {isa = PBXBuildFile; fileRef = FE17BC878D94A712EC820C35 /* PathGuard.swift */; };
		9A15B7685A9E1C41C75D6DDA /* CommunityTests.swift in Sources */ = {isa = PBXBuildFile; fileRef = D531260C3CAA1ADEE92BC2B5 /* CommunityTests.swift */; };
		9BB18CDBC93F4BACD14528CD /* CrossingTests.swift in Sources */ = {isa = PBXBuildFile; fileRef = 143A8472B3B37B4061F1DDAA /* CrossingTests.swift */; };
		9E719E36417C7A07406EB378 /* VoteStoreTests.swift in Sources */ = {isa = PBXBuildFile; fileRef = E7FA805DD99B7D224C553DA4 /* VoteStoreTests.swift */; };
		A356C0800AF369B9565C7AFE /* Localizer.swift in Sources */ = {isa = PBXBuildFile; fileRef = 0B49AF198A7E9AC5AEAB9F7D /* Localizer.swift */; };
		A38B8299299CDCFEE2D40C39 /* ServerLink.swift in Sources */ = {isa = PBXBuildFile; fileRef = 556BB89ED53BFA792964A285 /* ServerLink.swift */; };
		A708EF983E71AAEECD37BFB7 /* VoteStore.swift in Sources */ = {isa = PBXBuildFile; fileRef = C22A47F5888988D540A9DF5F /* VoteStore.swift */; };
		AF9466510B90D100A2D85EEB /* TrackingDebounce.swift in Sources */ = {isa = PBXBuildFile; fileRef = 63F2E8796DBDCC7F3DA5B0F2 /* TrackingDebounce.swift */; };
		B0F31929D183C64F79BB52E3 /* StepSafeApp.swift in Sources */ = {isa = PBXBuildFile; fileRef = E074A56398607FDE4729FD90 /* StepSafeApp.swift */; };
		B15A0DB507DD2C2C518F04C5 /* MapRules.swift in Sources */ = {isa = PBXBuildFile; fileRef = 5E94EF705BC93542C4D872AC /* MapRules.swift */; };
		B84D6502AD809081542B6B52 /* SensorSession.swift in Sources */ = {isa = PBXBuildFile; fileRef = 20F9BE3BE4FC4C1489A5352F /* SensorSession.swift */; };
		B8E8D2CD56C7C422DA6B5236 /* PathGuard.swift in Sources */ = {isa = PBXBuildFile; fileRef = FE17BC878D94A712EC820C35 /* PathGuard.swift */; };
		BC0C58275FAF04E9C059BF6C /* Tuning.swift in Sources */ = {isa = PBXBuildFile; fileRef = 4271F6477FE33E5191E83C48 /* Tuning.swift */; };
		BC3EDAE98CB363405C8F76FC /* CrossingMonteCarloTests.swift in Sources */ = {isa = PBXBuildFile; fileRef = 9179013510196CB698160697 /* CrossingMonteCarloTests.swift */; };
		BE120D23FEC5CCD503D3AFFC /* Assets.xcassets in Resources */ = {isa = PBXBuildFile; fileRef = 4A7EF0F08F24BA8163B05FEC /* Assets.xcassets */; };
		BF748C8A273ACD6C4DC758FF /* PathGuardTests.swift in Sources */ = {isa = PBXBuildFile; fileRef = F082091A4DDB2F07392C30FF /* PathGuardTests.swift */; };
		C37F981092A12FADE4B185F5 /* yolo11s_wise01.mlpackage in Sources */ = {isa = PBXBuildFile; fileRef = 7CE9878D8C10ADB66A36350E /* yolo11s_wise01.mlpackage */; };
		C6F4A94F6EE71C8D21E45339 /* MapRulesTests.swift in Sources */ = {isa = PBXBuildFile; fileRef = F4B340FE981BC9DFF3ABC653 /* MapRulesTests.swift */; };
		CD27C6C0EC7A96E22C8D894E /* AlertPolicy.swift in Sources */ = {isa = PBXBuildFile; fileRef = E6EFDD0ECE64133E5D035ACF /* AlertPolicy.swift */; };
		CD3C1F7DB30AFBF766889C0C /* BoxTracker.swift in Sources */ = {isa = PBXBuildFile; fileRef = 31A9310022EF8AABA88BD42F /* BoxTracker.swift */; };
		D203B455206979406599D32F /* ScoutView.swift in Sources */ = {isa = PBXBuildFile; fileRef = 6D1DE9518070C5FC011A66A4 /* ScoutView.swift */; };
		DC120DF47228415808187129 /* HazardNamer.swift in Sources */ = {isa = PBXBuildFile; fileRef = DF9D950E58C20F8EC3D8C589 /* HazardNamer.swift */; };
		DD84C724667B7DB6472F1ACF /* Tuning.swift in Sources */ = {isa = PBXBuildFile; fileRef = 4271F6477FE33E5191E83C48 /* Tuning.swift */; };
		E1E23CBB9E9A0A6593167689 /* PhrasePlayer.swift in Sources */ = {isa = PBXBuildFile; fileRef = 65B95E5208F0A0DD0DA7713B /* PhrasePlayer.swift */; };
		EC45803B625B72F3193D22AE /* TrackingDebounce.swift in Sources */ = {isa = PBXBuildFile; fileRef = 63F2E8796DBDCC7F3DA5B0F2 /* TrackingDebounce.swift */; };
		F46A103852EE0B6613B09936 /* PhraseBook.swift in Sources */ = {isa = PBXBuildFile; fileRef = 210A7BC25DEAA7EC12AD1975 /* PhraseBook.swift */; };
		F7407BD73D5C8C2EA1A64D8E /* yolo11s_wise01.mlpackage in Sources */ = {isa = PBXBuildFile; fileRef = 7CE9878D8C10ADB66A36350E /* yolo11s_wise01.mlpackage */; };
/* End PBXBuildFile section */

/* Begin PBXFileReference section */
		0B49AF198A7E9AC5AEAB9F7D /* Localizer.swift */ = {isa = PBXFileReference; lastKnownFileType = sourcecode.swift; path = Localizer.swift; sourceTree = "<group>"; };
		143A8472B3B37B4061F1DDAA /* CrossingTests.swift */ = {isa = PBXFileReference; lastKnownFileType = sourcecode.swift; path = CrossingTests.swift; sourceTree = "<group>"; };
		1B011AA770DB532CD9557B48 /* VehicleDetector.swift */ = {isa = PBXFileReference; lastKnownFileType = sourcecode.swift; path = VehicleDetector.swift; sourceTree = "<group>"; };
		1CB99BC481D68F366AEAF9FE /* StepSafe.app */ = {isa = PBXFileReference; includeInIndex = 0; lastKnownFileType = wrapper.application; path = StepSafe.app; sourceTree = BUILT_PRODUCTS_DIR; };
		20F9BE3BE4FC4C1489A5352F /* SensorSession.swift */ = {isa = PBXFileReference; lastKnownFileType = sourcecode.swift; path = SensorSession.swift; sourceTree = "<group>"; };
		210A7BC25DEAA7EC12AD1975 /* PhraseBook.swift */ = {isa = PBXFileReference; lastKnownFileType = sourcecode.swift; path = PhraseBook.swift; sourceTree = "<group>"; };
		238C04EE91440584C0E04D99 /* APIClient.swift */ = {isa = PBXFileReference; lastKnownFileType = sourcecode.swift; path = APIClient.swift; sourceTree = "<group>"; };
		27F88CC2238BBF138080B767 /* ContentView.swift */ = {isa = PBXFileReference; lastKnownFileType = sourcecode.swift; path = ContentView.swift; sourceTree = "<group>"; };
		2B1D082AB0C2B99A8CC568D3 /* MapSync.swift */ = {isa = PBXFileReference; lastKnownFileType = sourcecode.swift; path = MapSync.swift; sourceTree = "<group>"; };
		2D58E38014A147317AF15DE1 /* Phrases */ = {isa = PBXFileReference; lastKnownFileType = folder; name = Phrases; path = StepSafe/Phrases; sourceTree = SOURCE_ROOT; };
		31A9310022EF8AABA88BD42F /* BoxTracker.swift */ = {isa = PBXFileReference; lastKnownFileType = sourcecode.swift; path = BoxTracker.swift; sourceTree = "<group>"; };
		4271F6477FE33E5191E83C48 /* Tuning.swift */ = {isa = PBXFileReference; lastKnownFileType = sourcecode.swift; path = Tuning.swift; sourceTree = "<group>"; };
		4A7EF0F08F24BA8163B05FEC /* Assets.xcassets */ = {isa = PBXFileReference; lastKnownFileType = folder.assetcatalog; path = Assets.xcassets; sourceTree = "<group>"; };
		53CC7755FA3E2DEAAF29A7C1 /* AlertManager.swift */ = {isa = PBXFileReference; lastKnownFileType = sourcecode.swift; path = AlertManager.swift; sourceTree = "<group>"; };
		556BB89ED53BFA792964A285 /* ServerLink.swift */ = {isa = PBXFileReference; lastKnownFileType = sourcecode.swift; path = ServerLink.swift; sourceTree = "<group>"; };
		5E94EF705BC93542C4D872AC /* MapRules.swift */ = {isa = PBXFileReference; lastKnownFileType = sourcecode.swift; path = MapRules.swift; sourceTree = "<group>"; };
		63F2E8796DBDCC7F3DA5B0F2 /* TrackingDebounce.swift */ = {isa = PBXFileReference; lastKnownFileType = sourcecode.swift; path = TrackingDebounce.swift; sourceTree = "<group>"; };
		65B95E5208F0A0DD0DA7713B /* PhrasePlayer.swift */ = {isa = PBXFileReference; lastKnownFileType = sourcecode.swift; path = PhrasePlayer.swift; sourceTree = "<group>"; };
		69550F1C63CC6AADD1540A4C /* CommunityView.swift */ = {isa = PBXFileReference; lastKnownFileType = sourcecode.swift; path = CommunityView.swift; sourceTree = "<group>"; };
		6D1DE9518070C5FC011A66A4 /* ScoutView.swift */ = {isa = PBXFileReference; lastKnownFileType = sourcecode.swift; path = ScoutView.swift; sourceTree = "<group>"; };
		734358435B5F3C063F69C2E0 /* AlertPolicyTests.swift */ = {isa = PBXFileReference; lastKnownFileType = sourcecode.swift; path = AlertPolicyTests.swift; sourceTree = "<group>"; };
		736324E99413968B183D28CE /* CrossingCurbTests.swift */ = {isa = PBXFileReference; lastKnownFileType = sourcecode.swift; path = CrossingCurbTests.swift; sourceTree = "<group>"; };
		77F4BF4AB0B6BCDE2D023E9D /* PhraseBookTests.swift */ = {isa = PBXFileReference; lastKnownFileType = sourcecode.swift; path = PhraseBookTests.swift; sourceTree = "<group>"; };
		7CE9878D8C10ADB66A36350E /* yolo11s_wise01.mlpackage */ = {isa = PBXFileReference; path = yolo11s_wise01.mlpackage; sourceTree = "<group>"; };
		9179013510196CB698160697 /* CrossingMonteCarloTests.swift */ = {isa = PBXFileReference; lastKnownFileType = sourcecode.swift; path = CrossingMonteCarloTests.swift; sourceTree = "<group>"; };
		931296A1A1F89F0D9B96705B /* Info.plist */ = {isa = PBXFileReference; lastKnownFileType = text.plist; path = Info.plist; sourceTree = "<group>"; };
		96EE2F787910EFD0498D4EFB /* LICENSE */ = {isa = PBXFileReference; name = LICENSE; path = ../../LICENSE; sourceTree = "<group>"; };
		9EBE1E5BD27CD71C4C7A7B96 /* TTSPlayer.swift */ = {isa = PBXFileReference; lastKnownFileType = sourcecode.swift; path = TTSPlayer.swift; sourceTree = "<group>"; };
		A16E3AB89629CEEEBC438971 /* Geo.swift */ = {isa = PBXFileReference; lastKnownFileType = sourcecode.swift; path = Geo.swift; sourceTree = "<group>"; };
		BA4D8F27A9504A5A04B005A2 /* VehicleModelTests.swift */ = {isa = PBXFileReference; lastKnownFileType = sourcecode.swift; path = VehicleModelTests.swift; sourceTree = "<group>"; };
		C22A47F5888988D540A9DF5F /* VoteStore.swift */ = {isa = PBXFileReference; lastKnownFileType = sourcecode.swift; path = VoteStore.swift; sourceTree = "<group>"; };
		C712FB0F4C6D87FFC94B9508 /* CrossingScenarioBoxPolicyTests.swift */ = {isa = PBXFileReference; lastKnownFileType = sourcecode.swift; path = CrossingScenarioBoxPolicyTests.swift; sourceTree = "<group>"; };
		CBC78AF995D23F0E6734ACF0 /* StepSafeTests.xctest */ = {isa = PBXFileReference; includeInIndex = 0; lastKnownFileType = wrapper.cfbundle; path = StepSafeTests.xctest; sourceTree = BUILT_PRODUCTS_DIR; };
		D039239BA750A2ED1E8D6171 /* ClosingDetector.swift */ = {isa = PBXFileReference; lastKnownFileType = sourcecode.swift; path = ClosingDetector.swift; sourceTree = "<group>"; };
		D531260C3CAA1ADEE92BC2B5 /* CommunityTests.swift */ = {isa = PBXFileReference; lastKnownFileType = sourcecode.swift; path = CommunityTests.swift; sourceTree = "<group>"; };
		DF9D950E58C20F8EC3D8C589 /* HazardNamer.swift */ = {isa = PBXFileReference; lastKnownFileType = sourcecode.swift; path = HazardNamer.swift; sourceTree = "<group>"; };
		E074A56398607FDE4729FD90 /* StepSafeApp.swift */ = {isa = PBXFileReference; lastKnownFileType = sourcecode.swift; path = StepSafeApp.swift; sourceTree = "<group>"; };
		E6EFDD0ECE64133E5D035ACF /* AlertPolicy.swift */ = {isa = PBXFileReference; lastKnownFileType = sourcecode.swift; path = AlertPolicy.swift; sourceTree = "<group>"; };
		E7FA805DD99B7D224C553DA4 /* VoteStoreTests.swift */ = {isa = PBXFileReference; lastKnownFileType = sourcecode.swift; path = VoteStoreTests.swift; sourceTree = "<group>"; };
		F082091A4DDB2F07392C30FF /* PathGuardTests.swift */ = {isa = PBXFileReference; lastKnownFileType = sourcecode.swift; path = PathGuardTests.swift; sourceTree = "<group>"; };
		F3D1F6089654F7128F9896F7 /* HazardMap.swift */ = {isa = PBXFileReference; lastKnownFileType = sourcecode.swift; path = HazardMap.swift; sourceTree = "<group>"; };
		F4B340FE981BC9DFF3ABC653 /* MapRulesTests.swift */ = {isa = PBXFileReference; lastKnownFileType = sourcecode.swift; path = MapRulesTests.swift; sourceTree = "<group>"; };
		FE17BC878D94A712EC820C35 /* PathGuard.swift */ = {isa = PBXFileReference; lastKnownFileType = sourcecode.swift; path = PathGuard.swift; sourceTree = "<group>"; };
		FF6AA8B3A6EDAB150F21873F /* CrossingScenarioTests.swift */ = {isa = PBXFileReference; lastKnownFileType = sourcecode.swift; path = CrossingScenarioTests.swift; sourceTree = "<group>"; };
/* End PBXFileReference section */

/* Begin PBXGroup section */
		1AACC9C597732C6926733F9E /* Products */ = {
			isa = PBXGroup;
			children = (
				1CB99BC481D68F366AEAF9FE /* StepSafe.app */,
				CBC78AF995D23F0E6734ACF0 /* StepSafeTests.xctest */,
			);
			name = Products;
			sourceTree = "<group>";
		};
		6338FAC4E1A0435F257EB3A3 /* StepSafeTests */ = {
			isa = PBXGroup;
			children = (
				734358435B5F3C063F69C2E0 /* AlertPolicyTests.swift */,
				D531260C3CAA1ADEE92BC2B5 /* CommunityTests.swift */,
				736324E99413968B183D28CE /* CrossingCurbTests.swift */,
				9179013510196CB698160697 /* CrossingMonteCarloTests.swift */,
				C712FB0F4C6D87FFC94B9508 /* CrossingScenarioBoxPolicyTests.swift */,
				FF6AA8B3A6EDAB150F21873F /* CrossingScenarioTests.swift */,
				143A8472B3B37B4061F1DDAA /* CrossingTests.swift */,
				F4B340FE981BC9DFF3ABC653 /* MapRulesTests.swift */,
				F082091A4DDB2F07392C30FF /* PathGuardTests.swift */,
				77F4BF4AB0B6BCDE2D023E9D /* PhraseBookTests.swift */,
				BA4D8F27A9504A5A04B005A2 /* VehicleModelTests.swift */,
				E7FA805DD99B7D224C553DA4 /* VoteStoreTests.swift */,
			);
			path = StepSafeTests;
			sourceTree = "<group>";
		};
		7F1EAA6016D1362E320F756B /* Models */ = {
			isa = PBXGroup;
			children = (
				7CE9878D8C10ADB66A36350E /* yolo11s_wise01.mlpackage */,
			);
			path = Models;
			sourceTree = "<group>";
		};
		DD73B7C3A4D469BEE3C06CC9 /* StepSafe */ = {
			isa = PBXGroup;
			children = (
				53CC7755FA3E2DEAAF29A7C1 /* AlertManager.swift */,
				238C04EE91440584C0E04D99 /* APIClient.swift */,
				4A7EF0F08F24BA8163B05FEC /* Assets.xcassets */,
				69550F1C63CC6AADD1540A4C /* CommunityView.swift */,
				27F88CC2238BBF138080B767 /* ContentView.swift */,
				F3D1F6089654F7128F9896F7 /* HazardMap.swift */,
				DF9D950E58C20F8EC3D8C589 /* HazardNamer.swift */,
				931296A1A1F89F0D9B96705B /* Info.plist */,
				96EE2F787910EFD0498D4EFB /* LICENSE */,
				0B49AF198A7E9AC5AEAB9F7D /* Localizer.swift */,
				2B1D082AB0C2B99A8CC568D3 /* MapSync.swift */,
				65B95E5208F0A0DD0DA7713B /* PhrasePlayer.swift */,
				6D1DE9518070C5FC011A66A4 /* ScoutView.swift */,
				20F9BE3BE4FC4C1489A5352F /* SensorSession.swift */,
				556BB89ED53BFA792964A285 /* ServerLink.swift */,
				E074A56398607FDE4729FD90 /* StepSafeApp.swift */,
				9EBE1E5BD27CD71C4C7A7B96 /* TTSPlayer.swift */,
				1B011AA770DB532CD9557B48 /* VehicleDetector.swift */,
				C22A47F5888988D540A9DF5F /* VoteStore.swift */,
				FA0EE954B64A3C9D5615F7A2 /* Core */,
				7F1EAA6016D1362E320F756B /* Models */,
			);
			path = StepSafe;
			sourceTree = "<group>";
		};
		FA0EE954B64A3C9D5615F7A2 /* Core */ = {
			isa = PBXGroup;
			children = (
				E6EFDD0ECE64133E5D035ACF /* AlertPolicy.swift */,
				31A9310022EF8AABA88BD42F /* BoxTracker.swift */,
				D039239BA750A2ED1E8D6171 /* ClosingDetector.swift */,
				A16E3AB89629CEEEBC438971 /* Geo.swift */,
				5E94EF705BC93542C4D872AC /* MapRules.swift */,
				FE17BC878D94A712EC820C35 /* PathGuard.swift */,
				210A7BC25DEAA7EC12AD1975 /* PhraseBook.swift */,
				63F2E8796DBDCC7F3DA5B0F2 /* TrackingDebounce.swift */,
				4271F6477FE33E5191E83C48 /* Tuning.swift */,
			);
			path = Core;
			sourceTree = "<group>";
		};
		FB08D1DE2D1F9FDAB014605A = {
			isa = PBXGroup;
			children = (
				2D58E38014A147317AF15DE1 /* Phrases */,
				DD73B7C3A4D469BEE3C06CC9 /* StepSafe */,
				6338FAC4E1A0435F257EB3A3 /* StepSafeTests */,
				1AACC9C597732C6926733F9E /* Products */,
			);
			sourceTree = "<group>";
		};
/* End PBXGroup section */

/* Begin PBXNativeTarget section */
		02AA83E4C37D71B7004F8B9A /* StepSafe */ = {
			isa = PBXNativeTarget;
			buildConfigurationList = FE3BC1518FF27F6B2507B385 /* Build configuration list for PBXNativeTarget "StepSafe" */;
			buildPhases = (
				66F7D6DF12040933F270BD10 /* Sources */,
				04FACC5081D6988D30BBDCD3 /* Resources */,
			);
			buildRules = (
			);
			dependencies = (
			);
			name = StepSafe;
			packageProductDependencies = (
			);
			productName = StepSafe;
			productReference = 1CB99BC481D68F366AEAF9FE /* StepSafe.app */;
			productType = "com.apple.product-type.application";
		};
		FAA57C10EB8A75731E1FF075 /* StepSafeTests */ = {
			isa = PBXNativeTarget;
			buildConfigurationList = D1C60C25F479FFC5751AA442 /* Build configuration list for PBXNativeTarget "StepSafeTests" */;
			buildPhases = (
				77549ADBFF954877F8E17357 /* Sources */,
			);
			buildRules = (
			);
			dependencies = (
			);
			name = StepSafeTests;
			packageProductDependencies = (
			);
			productName = StepSafeTests;
			productReference = CBC78AF995D23F0E6734ACF0 /* StepSafeTests.xctest */;
			productType = "com.apple.product-type.bundle.unit-test";
		};
/* End PBXNativeTarget section */

/* Begin PBXProject section */
		1DF9B524186DA0C19402D64B /* Project object */ = {
			isa = PBXProject;
			attributes = {
				BuildIndependentTargetsInParallel = YES;
				LastUpgradeCheck = 1430;
				TargetAttributes = {
					02AA83E4C37D71B7004F8B9A = {
						DevelopmentTeam = SZ3BW48YVT;
						ProvisioningStyle = Automatic;
					};
					FAA57C10EB8A75731E1FF075 = {
						DevelopmentTeam = SZ3BW48YVT;
						ProvisioningStyle = Automatic;
					};
				};
			};
			buildConfigurationList = 0E5027A4EB30F10306B7C850 /* Build configuration list for PBXProject "StepSafe" */;
			developmentRegion = en;
			hasScannedForEncodings = 0;
			knownRegions = (
				Base,
				en,
			);
			mainGroup = FB08D1DE2D1F9FDAB014605A;
			minimizedProjectReferenceProxies = 1;
			preferredProjectObjectVersion = 77;
			productRefGroup = 1AACC9C597732C6926733F9E /* Products */;
			projectDirPath = "";
			projectRoot = "";
			targets = (
				02AA83E4C37D71B7004F8B9A /* StepSafe */,
				FAA57C10EB8A75731E1FF075 /* StepSafeTests */,
			);
		};
/* End PBXProject section */

/* Begin PBXResourcesBuildPhase section */
		04FACC5081D6988D30BBDCD3 /* Resources */ = {
			isa = PBXResourcesBuildPhase;
			buildActionMask = 2147483647;
			files = (
				BE120D23FEC5CCD503D3AFFC /* Assets.xcassets in Resources */,
				0D7B3358F8577CA26047623C /* LICENSE in Resources */,
				29F9B9F7541DB1B2680D3295 /* Phrases in Resources */,
			);
			runOnlyForDeploymentPostprocessing = 0;
		};
/* End PBXResourcesBuildPhase section */

/* Begin PBXSourcesBuildPhase section */
		66F7D6DF12040933F270BD10 /* Sources */ = {
			isa = PBXSourcesBuildPhase;
			buildActionMask = 2147483647;
			files = (
				80D12132C17851073843C2D5 /* APIClient.swift in Sources */,
				042640110DB021D4CD051997 /* AlertManager.swift in Sources */,
				73350F2C12ECBBF19AAF45BB /* AlertPolicy.swift in Sources */,
				CD3C1F7DB30AFBF766889C0C /* BoxTracker.swift in Sources */,
				92DA3FB84949CEF091051805 /* ClosingDetector.swift in Sources */,
				335140E005C3501C87BCC6D4 /* CommunityView.swift in Sources */,
				8FE50E5F163C9DF6EC6AF37C /* ContentView.swift in Sources */,
				0A3E2B6AF638C53A3F6966C9 /* Geo.swift in Sources */,
				12403952DCCF14DBDDE3068A /* HazardMap.swift in Sources */,
				DC120DF47228415808187129 /* HazardNamer.swift in Sources */,
				A356C0800AF369B9565C7AFE /* Localizer.swift in Sources */,
				B15A0DB507DD2C2C518F04C5 /* MapRules.swift in Sources */,
				01670BDE330325A1A3BD88C2 /* MapSync.swift in Sources */,
				9A0576E1B16956601A38E065 /* PathGuard.swift in Sources */,
				F46A103852EE0B6613B09936 /* PhraseBook.swift in Sources */,
				E1E23CBB9E9A0A6593167689 /* PhrasePlayer.swift in Sources */,
				D203B455206979406599D32F /* ScoutView.swift in Sources */,
				B84D6502AD809081542B6B52 /* SensorSession.swift in Sources */,
				A38B8299299CDCFEE2D40C39 /* ServerLink.swift in Sources */,
				B0F31929D183C64F79BB52E3 /* StepSafeApp.swift in Sources */,
				274FB8C9D81D6A3FCB753F45 /* TTSPlayer.swift in Sources */,
				AF9466510B90D100A2D85EEB /* TrackingDebounce.swift in Sources */,
				DD84C724667B7DB6472F1ACF /* Tuning.swift in Sources */,
				37E37CD76CABD73310F31515 /* VehicleDetector.swift in Sources */,
				1EA20E49419B03655ADC64D1 /* VoteStore.swift in Sources */,
				C37F981092A12FADE4B185F5 /* yolo11s_wise01.mlpackage in Sources */,
			);
			runOnlyForDeploymentPostprocessing = 0;
		};
		77549ADBFF954877F8E17357 /* Sources */ = {
			isa = PBXSourcesBuildPhase;
			buildActionMask = 2147483647;
			files = (
				CD27C6C0EC7A96E22C8D894E /* AlertPolicy.swift in Sources */,
				24E9C93544221CE03188C3E5 /* AlertPolicyTests.swift in Sources */,
				58C7A0ED3A5D17A05087D674 /* BoxTracker.swift in Sources */,
				97F6AC71C1733944276E8AE1 /* ClosingDetector.swift in Sources */,
				9A15B7685A9E1C41C75D6DDA /* CommunityTests.swift in Sources */,
				5A4F6C5E4F68BC153EB635D4 /* CrossingCurbTests.swift in Sources */,
				BC3EDAE98CB363405C8F76FC /* CrossingMonteCarloTests.swift in Sources */,
				221B4E0CFE4D2B215E8D24FC /* CrossingScenarioBoxPolicyTests.swift in Sources */,
				09A66D5B22112C26ACF4AF02 /* CrossingScenarioTests.swift in Sources */,
				9BB18CDBC93F4BACD14528CD /* CrossingTests.swift in Sources */,
				3D61ADA82E6F805587568BA2 /* Geo.swift in Sources */,
				8ECAB907D775837887DE0B33 /* MapRules.swift in Sources */,
				C6F4A94F6EE71C8D21E45339 /* MapRulesTests.swift in Sources */,
				B8E8D2CD56C7C422DA6B5236 /* PathGuard.swift in Sources */,
				BF748C8A273ACD6C4DC758FF /* PathGuardTests.swift in Sources */,
				7107B467904DB1AA47807648 /* PhraseBook.swift in Sources */,
				4422252E46C9DDAEA9A44825 /* PhraseBookTests.swift in Sources */,
				EC45803B625B72F3193D22AE /* TrackingDebounce.swift in Sources */,
				BC0C58275FAF04E9C059BF6C /* Tuning.swift in Sources */,
				8B72787F5E8C9D1FD99394D8 /* VehicleModelTests.swift in Sources */,
				A708EF983E71AAEECD37BFB7 /* VoteStore.swift in Sources */,
				9E719E36417C7A07406EB378 /* VoteStoreTests.swift in Sources */,
				F7407BD73D5C8C2EA1A64D8E /* yolo11s_wise01.mlpackage in Sources */,
			);
			runOnlyForDeploymentPostprocessing = 0;
		};
/* End PBXSourcesBuildPhase section */

/* Begin XCBuildConfiguration section */
		5066FBD22C948DC6AE2ABF83 /* Release */ = {
			isa = XCBuildConfiguration;
			buildSettings = {
				BUNDLE_LOADER = "$(TEST_HOST)";
				GENERATE_INFOPLIST_FILE = YES;
				LD_RUNPATH_SEARCH_PATHS = (
					"$(inherited)",
					"@executable_path/Frameworks",
					"@loader_path/Frameworks",
				);
				PRODUCT_BUNDLE_IDENTIFIER = net.babigian.stepsafe.tests;
				SDKROOT = iphoneos;
				SWIFT_OPTIMIZATION_LEVEL = "-O";
				TARGETED_DEVICE_FAMILY = 1;
			};
			name = Release;
		};
		713CC789A54180727AC12FA6 /* Release */ = {
			isa = XCBuildConfiguration;
			buildSettings = {
				ALWAYS_SEARCH_USER_PATHS = NO;
				CLANG_ANALYZER_NONNULL = YES;
				CLANG_ANALYZER_NUMBER_OBJECT_CONVERSION = YES_AGGRESSIVE;
				CLANG_CXX_LANGUAGE_STANDARD = "gnu++14";
				CLANG_CXX_LIBRARY = "libc++";
				CLANG_ENABLE_MODULES = YES;
				CLANG_ENABLE_OBJC_ARC = YES;
				CLANG_ENABLE_OBJC_WEAK = YES;
				CLANG_WARN_BLOCK_CAPTURE_AUTORELEASING = YES;
				CLANG_WARN_BOOL_CONVERSION = YES;
				CLANG_WARN_COMMA = YES;
				CLANG_WARN_CONSTANT_CONVERSION = YES;
				CLANG_WARN_DEPRECATED_OBJC_IMPLEMENTATIONS = YES;
				CLANG_WARN_DIRECT_OBJC_ISA_USAGE = YES_ERROR;
				CLANG_WARN_DOCUMENTATION_COMMENTS = YES;
				CLANG_WARN_EMPTY_BODY = YES;
				CLANG_WARN_ENUM_CONVERSION = YES;
				CLANG_WARN_INFINITE_RECURSION = YES;
				CLANG_WARN_INT_CONVERSION = YES;
				CLANG_WARN_NON_LITERAL_NULL_CONVERSION = YES;
				CLANG_WARN_OBJC_IMPLICIT_RETAIN_SELF = YES;
				CLANG_WARN_OBJC_LITERAL_CONVERSION = YES;
				CLANG_WARN_OBJC_ROOT_CLASS = YES_ERROR;
				CLANG_WARN_QUOTED_INCLUDE_IN_FRAMEWORK_HEADER = YES;
				CLANG_WARN_RANGE_LOOP_ANALYSIS = YES;
				CLANG_WARN_STRICT_PROTOTYPES = YES;
				CLANG_WARN_SUSPICIOUS_MOVE = YES;
				CLANG_WARN_UNGUARDED_AVAILABILITY = YES_AGGRESSIVE;
				CLANG_WARN_UNREACHABLE_CODE = YES;
				CLANG_WARN__DUPLICATE_METHOD_MATCH = YES;
				CODE_SIGN_STYLE = Automatic;
				COPY_PHASE_STRIP = NO;
				DEBUG_INFORMATION_FORMAT = "dwarf-with-dsym";
				DEVELOPMENT_TEAM = SZ3BW48YVT;
				ENABLE_NS_ASSERTIONS = NO;
				ENABLE_STRICT_OBJC_MSGSEND = YES;
				GCC_C_LANGUAGE_STANDARD = gnu11;
				GCC_NO_COMMON_BLOCKS = YES;
				GCC_WARN_64_TO_32_BIT_CONVERSION = YES;
				GCC_WARN_ABOUT_RETURN_TYPE = YES_ERROR;
				GCC_WARN_UNDECLARED_SELECTOR = YES;
				GCC_WARN_UNINITIALIZED_AUTOS = YES_AGGRESSIVE;
				GCC_WARN_UNUSED_FUNCTION = YES;
				GCC_WARN_UNUSED_VARIABLE = YES;
				IPHONEOS_DEPLOYMENT_TARGET = 17.0;
				MTL_ENABLE_DEBUG_INFO = NO;
				MTL_FAST_MATH = YES;
				PRODUCT_NAME = "$(TARGET_NAME)";
				SDKROOT = iphoneos;
				SWIFT_COMPILATION_MODE = wholemodule;
				SWIFT_OPTIMIZATION_LEVEL = "-O";
				SWIFT_VERSION = 5.0;
			};
			name = Release;
		};
		92EB6CBEBDA161366997A27A /* Debug */ = {
			isa = XCBuildConfiguration;
			buildSettings = {
				BUNDLE_LOADER = "$(TEST_HOST)";
				GENERATE_INFOPLIST_FILE = YES;
				LD_RUNPATH_SEARCH_PATHS = (
					"$(inherited)",
					"@executable_path/Frameworks",
					"@loader_path/Frameworks",
				);
				PRODUCT_BUNDLE_IDENTIFIER = net.babigian.stepsafe.tests;
				SDKROOT = iphoneos;
				SWIFT_OPTIMIZATION_LEVEL = "-O";
				TARGETED_DEVICE_FAMILY = 1;
			};
			name = Debug;
		};
		99FB2874BCC4D6C851DDC9B5 /* Debug */ = {
			isa = XCBuildConfiguration;
			buildSettings = {
				ASSETCATALOG_COMPILER_APPICON_NAME = AppIcon;
				CODE_SIGN_IDENTITY = "iPhone Developer";
				CURRENT_PROJECT_VERSION = 1;
				INFOPLIST_FILE = StepSafe/Info.plist;
				LD_RUNPATH_SEARCH_PATHS = (
					"$(inherited)",
					"@executable_path/Frameworks",
				);
				MARKETING_VERSION = 0.1;
				PRODUCT_BUNDLE_IDENTIFIER = net.babigian.stepsafe;
				SDKROOT = iphoneos;
				TARGETED_DEVICE_FAMILY = 1;
			};
			name = Debug;
		};
		BF1BD8ADA001CBB5C77508F3 /* Debug */ = {
			isa = XCBuildConfiguration;
			buildSettings = {
				ALWAYS_SEARCH_USER_PATHS = NO;
				CLANG_ANALYZER_NONNULL = YES;
				CLANG_ANALYZER_NUMBER_OBJECT_CONVERSION = YES_AGGRESSIVE;
				CLANG_CXX_LANGUAGE_STANDARD = "gnu++14";
				CLANG_CXX_LIBRARY = "libc++";
				CLANG_ENABLE_MODULES = YES;
				CLANG_ENABLE_OBJC_ARC = YES;
				CLANG_ENABLE_OBJC_WEAK = YES;
				CLANG_WARN_BLOCK_CAPTURE_AUTORELEASING = YES;
				CLANG_WARN_BOOL_CONVERSION = YES;
				CLANG_WARN_COMMA = YES;
				CLANG_WARN_CONSTANT_CONVERSION = YES;
				CLANG_WARN_DEPRECATED_OBJC_IMPLEMENTATIONS = YES;
				CLANG_WARN_DIRECT_OBJC_ISA_USAGE = YES_ERROR;
				CLANG_WARN_DOCUMENTATION_COMMENTS = YES;
				CLANG_WARN_EMPTY_BODY = YES;
				CLANG_WARN_ENUM_CONVERSION = YES;
				CLANG_WARN_INFINITE_RECURSION = YES;
				CLANG_WARN_INT_CONVERSION = YES;
				CLANG_WARN_NON_LITERAL_NULL_CONVERSION = YES;
				CLANG_WARN_OBJC_IMPLICIT_RETAIN_SELF = YES;
				CLANG_WARN_OBJC_LITERAL_CONVERSION = YES;
				CLANG_WARN_OBJC_ROOT_CLASS = YES_ERROR;
				CLANG_WARN_QUOTED_INCLUDE_IN_FRAMEWORK_HEADER = YES;
				CLANG_WARN_RANGE_LOOP_ANALYSIS = YES;
				CLANG_WARN_STRICT_PROTOTYPES = YES;
				CLANG_WARN_SUSPICIOUS_MOVE = YES;
				CLANG_WARN_UNGUARDED_AVAILABILITY = YES_AGGRESSIVE;
				CLANG_WARN_UNREACHABLE_CODE = YES;
				CLANG_WARN__DUPLICATE_METHOD_MATCH = YES;
				CODE_SIGN_STYLE = Automatic;
				COPY_PHASE_STRIP = NO;
				DEBUG_INFORMATION_FORMAT = dwarf;
				DEVELOPMENT_TEAM = SZ3BW48YVT;
				ENABLE_STRICT_OBJC_MSGSEND = YES;
				ENABLE_TESTABILITY = YES;
				GCC_C_LANGUAGE_STANDARD = gnu11;
				GCC_DYNAMIC_NO_PIC = NO;
				GCC_NO_COMMON_BLOCKS = YES;
				GCC_OPTIMIZATION_LEVEL = 0;
				GCC_PREPROCESSOR_DEFINITIONS = (
					"$(inherited)",
					"DEBUG=1",
				);
				GCC_WARN_64_TO_32_BIT_CONVERSION = YES;
				GCC_WARN_ABOUT_RETURN_TYPE = YES_ERROR;
				GCC_WARN_UNDECLARED_SELECTOR = YES;
				GCC_WARN_UNINITIALIZED_AUTOS = YES_AGGRESSIVE;
				GCC_WARN_UNUSED_FUNCTION = YES;
				GCC_WARN_UNUSED_VARIABLE = YES;
				IPHONEOS_DEPLOYMENT_TARGET = 17.0;
				MTL_ENABLE_DEBUG_INFO = INCLUDE_SOURCE;
				MTL_FAST_MATH = YES;
				ONLY_ACTIVE_ARCH = YES;
				PRODUCT_NAME = "$(TARGET_NAME)";
				SDKROOT = iphoneos;
				SWIFT_ACTIVE_COMPILATION_CONDITIONS = DEBUG;
				SWIFT_OPTIMIZATION_LEVEL = "-Onone";
				SWIFT_VERSION = 5.0;
			};
			name = Debug;
		};
		C79545907C076325B7E8A1EF /* Release */ = {
			isa = XCBuildConfiguration;
			buildSettings = {
				ASSETCATALOG_COMPILER_APPICON_NAME = AppIcon;
				CODE_SIGN_IDENTITY = "iPhone Developer";
				CURRENT_PROJECT_VERSION = 1;
				INFOPLIST_FILE = StepSafe/Info.plist;
				LD_RUNPATH_SEARCH_PATHS = (
					"$(inherited)",
					"@executable_path/Frameworks",
				);
				MARKETING_VERSION = 0.1;
				PRODUCT_BUNDLE_IDENTIFIER = net.babigian.stepsafe;
				SDKROOT = iphoneos;
				TARGETED_DEVICE_FAMILY = 1;
			};
			name = Release;
		};
/* End XCBuildConfiguration section */

/* Begin XCConfigurationList section */
		0E5027A4EB30F10306B7C850 /* Build configuration list for PBXProject "StepSafe" */ = {
			isa = XCConfigurationList;
			buildConfigurations = (
				BF1BD8ADA001CBB5C77508F3 /* Debug */,
				713CC789A54180727AC12FA6 /* Release */,
			);
			defaultConfigurationIsVisible = 0;
			defaultConfigurationName = Debug;
		};
		D1C60C25F479FFC5751AA442 /* Build configuration list for PBXNativeTarget "StepSafeTests" */ = {
			isa = XCConfigurationList;
			buildConfigurations = (
				92EB6CBEBDA161366997A27A /* Debug */,
				5066FBD22C948DC6AE2ABF83 /* Release */,
			);
			defaultConfigurationIsVisible = 0;
			defaultConfigurationName = Debug;
		};
		FE3BC1518FF27F6B2507B385 /* Build configuration list for PBXNativeTarget "StepSafe" */ = {
			isa = XCConfigurationList;
			buildConfigurations = (
				99FB2874BCC4D6C851DDC9B5 /* Debug */,
				C79545907C076325B7E8A1EF /* Release */,
			);
			defaultConfigurationIsVisible = 0;
			defaultConfigurationName = Debug;
		};
/* End XCConfigurationList section */
	};
	rootObject = 1DF9B524186DA0C19402D64B /* Project object */;
}
